
Microsoft Visual Studio Solution File, Format Version 12.00
# Visual Studio Version 17
VisualStudioVersion = 17.5.002.0
MinimumVisualStudioVersion = 10.0.40219.1
Project("{9A19103F-16F7-4668-BE54-9A1E7A4F7556}") = "set3-nmr1", "set3-nmr1.csproj", "{97CD4D29-BB2F-4037-BA58-2867D45B7D8D}"
EndProject
Global
	GlobalSection(SolutionConfigurationPlatforms) = preSolution
		Debug|Any CPU = Debug|Any CPU
		Release|Any CPU = Release|Any CPU
	EndGlobalSection
	GlobalSection(ProjectConfigurationPlatforms) = postSolution
		{97CD4D29-BB2F-4037-BA58-2867D45B7D8D}.Debug|Any CPU.ActiveCfg = Debug|Any CPU
		{97CD4D29-BB2F-4037-BA58-2867D45B7D8D}.Debug|Any CPU.Build.0 = Debug|Any CPU
		{97CD4D29-BB2F-4037-BA58-2867D45B7D8D}.Release|Any CPU.ActiveCfg = Release|Any CPU
		{97CD4D29-BB2F-4037-BA58-2867D45B7D8D}.Release|Any CPU.Build.0 = Release|Any CPU
	EndGlobalSection
	GlobalSection(SolutionProperties) = preSolution
		HideSolutionNode = FALSE
	EndGlobalSection
	GlobalSection(ExtensibilityGlobals) = postSolution
		SolutionGuid = {8C20F9EC-9277-4FCF-9F80-40CF4CF7143D}
	EndGlobalSection
EndGlobal
